
Microsoft Visual Studio Solution File, Format Version 11.00
# Visual Studio 2010
Project("{8BC9CEB8-8B4A-11D0-8D11-00A0C91BC942}") = "clint", "clint\clint.vcxproj", "{DFE68189-20BE-4FC6-B24D-0B4E013D1861}"
EndProject
Global
	GlobalSection(SolutionConfigurationPlatforms) = preSolution
		Debug|Win32 = Debug|Win32
		Release|Win32 = Release|Win32
	EndGlobalSection
	GlobalSection(ProjectConfigurationPlatforms) = postSolution
		{DFE68189-20BE-4FC6-B24D-0B4E013D1861}.Debug|Win32.ActiveCfg = Debug|Win32
		{DFE68189-20BE-4FC6-B24D-0B4E013D1861}.Debug|Win32.Build.0 = Debug|Win32
		{DFE68189-20BE-4FC6-B24D-0B4E013D1861}.Release|Win32.ActiveCfg = Release|Win32
		{DFE68189-20BE-4FC6-B24D-0B4E013D1861}.Release|Win32.Build.0 = Release|Win32
	EndGlobalSection
	GlobalSection(SolutionProperties) = preSolution
		HideSolutionNode = FALSE
	EndGlobalSection
EndGlobal
